
Microsoft Visual Studio Solution File, Format Version 12.00
# Visual Studio 14
VisualStudioVersion = 14.0.25420.1
MinimumVisualStudioVersion = 10.0.40219.1
Project("{FAE04EC0-301F-11D3-BF4B-00C04F79EFBC}") = "BookStore", "BookStore\BookStore.csproj", "{F85EEA72-E796-4588-BFDB-3271C1F61C25}"
EndProject
Project("{FAE04EC0-301F-11D3-BF4B-00C04F79EFBC}") = "UnitTests", "UnitTests\UnitTests.csproj", "{FAC48A23-852A-4C4F-ABA9-4757B64DF8E8}"
EndProject
Global
	GlobalSection(SolutionConfigurationPlatforms) = preSolution
		Debug|Any CPU = Debug|Any CPU
		Release|Any CPU = Release|Any CPU
	EndGlobalSection
	GlobalSection(ProjectConfigurationPlatforms) = postSolution
		{F85EEA72-E796-4588-BFDB-3271C1F61C25}.Debug|Any CPU.ActiveCfg = Debug|Any CPU
		{F85EEA72-E796-4588-BFDB-3271C1F61C25}.Debug|Any CPU.Build.0 = Debug|Any CPU
		{F85EEA72-E796-4588-BFDB-3271C1F61C25}.Release|Any CPU.ActiveCfg = Release|Any CPU
		{F85EEA72-E796-4588-BFDB-3271C1F61C25}.Release|Any CPU.Build.0 = Release|Any CPU
		{FAC48A23-852A-4C4F-ABA9-4757B64DF8E8}.Debug|Any CPU.ActiveCfg = Debug|Any CPU
		{FAC48A23-852A-4C4F-ABA9-4757B64DF8E8}.Debug|Any CPU.Build.0 = Debug|Any CPU
		{FAC48A23-852A-4C4F-ABA9-4757B64DF8E8}.Release|Any CPU.ActiveCfg = Release|Any CPU
		{FAC48A23-852A-4C4F-ABA9-4757B64DF8E8}.Release|Any CPU.Build.0 = Release|Any CPU
	EndGlobalSection
	GlobalSection(SolutionProperties) = preSolution
		HideSolutionNode = FALSE
	EndGlobalSection
EndGlobal
